<?xml version="1.0" encoding="utf-8"?>
<Project ToolsVersion="4.0" xmlns="http://schemas.microsoft.com/developer/msbuild/2003">
  <ItemGroup>
    <Filter Include="Source Files">
      <UniqueIdentifier>{53dd6502-e2aa-41c1-b41d-8630ce080c3d}</UniqueIdentifier>
    </Filter>
    <Filter Include="Generated Files">
      <UniqueIdentifier>{978d91fb-cced-451f-a76e-80cee8be3422}</UniqueIdentifier>
      <SourceControlFiles>False</SourceControlFiles>
    </Filter>
  </ItemGroup>
  <ItemGroup>
    <None Include="Lb3_autosvrps.def" />
  </ItemGroup>
  <ItemGroup>
    <ClCompile Include="Lb3_autosvr_i.c">
      <Filter>Generated Files</Filter>
    </ClCompile>
    <ClCompile Include="Lb3_autosvr_p.c">
      <Filter>Generated Files</Filter>
    </ClCompile>
    <ClCompile Include="dlldata.c">
      <Filter>Generated Files</Filter>
    </ClCompile>
  </ItemGroup>
</Project>