<?xml version="1.0" encoding="utf-8"?>
<Project ToolsVersion="4.0" xmlns="http://schemas.microsoft.com/developer/msbuild/2003">
  <ItemGroup>
    <Filter Include="Source Files">
      <UniqueIdentifier>{a826ea39-aa51-49f5-9161-8be507c56245}</UniqueIdentifier>
    </Filter>
    <Filter Include="Generated Files">
      <UniqueIdentifier>{233efdf6-fb0a-4ca1-8a1d-9ea0c293fb28}</UniqueIdentifier>
      <SourceControlFiles>False</SourceControlFiles>
    </Filter>
  </ItemGroup>
  <ItemGroup>
    <None Include="Lb3Ind_autosvrps.def" />
  </ItemGroup>
  <ItemGroup>
    <ClCompile Include="Lb3Ind_autosvr_i.c">
      <Filter>Generated Files</Filter>
    </ClCompile>
    <ClCompile Include="Lb3Ind_autosvr_p.c">
      <Filter>Generated Files</Filter>
    </ClCompile>
    <ClCompile Include="dlldata.c">
      <Filter>Generated Files</Filter>
    </ClCompile>
  </ItemGroup>
</Project>